// !$*UTF8*$!
{
	archiveVersion = 1;
	classes = {
	};
	objectVersion = 50;
	objects = {

/* Begin PBXBuildFile section */
		C0676FC426ACAD8F00C12649 /* FruitsApp.swift in Sources */ = {isa = PBXBuildFile; fileRef = C0676FC326ACAD8F00C12649 /* FruitsApp.swift */; };
		C0676FC626ACAD8F00C12649 /* ContentView.swift in Sources */ = {isa = PBXBuildFile; fileRef = C0676FC526ACAD8F00C12649 /* ContentView.swift */; };
		C0676FC826ACAD8F00C12649 /* Assets.xcassets in Resources */ = {isa = PBXBuildFile; fileRef = C0676FC726ACAD8F00C12649 /* Assets.xcassets */; };
		C0676FCB26ACAD8F00C12649 /* Preview Assets.xcassets in Resources */ = {isa = PBXBuildFile; fileRef = C0676FCA26ACAD8F00C12649 /* Preview Assets.xcassets */; };
		C0676FD526ACB59900C12649 /* FruitCardView.swift in Sources */ = {isa = PBXBuildFile; fileRef = C0676FD426ACB59900C12649 /* FruitCardView.swift */; };
		C084D7F226AD2CCF0099809B /* FruitModel.swift in Sources */ = {isa = PBXBuildFile; fileRef = C084D7F126AD2CCF0099809B /* FruitModel.swift */; };
		C084D7F526AD2E6E0099809B /* FruitData.swift in Sources */ = {isa = PBXBuildFile; fileRef = C084D7F426AD2E6E0099809B /* FruitData.swift */; };
		C084D7F726AD44B20099809B /* FruitRowView.swift in Sources */ = {isa = PBXBuildFile; fileRef = C084D7F626AD44B20099809B /* FruitRowView.swift */; };
		C0B3707826B13AA300E46477 /* FruitDetailView.swift in Sources */ = {isa = PBXBuildFile; fileRef = C0B3707726B13AA300E46477 /* FruitDetailView.swift */; };
		C0C5E25226C28D02007367F0 /* FruitHeaderView.swift in Sources */ = {isa = PBXBuildFile; fileRef = C0C5E25126C28D02007367F0 /* FruitHeaderView.swift */; };
		C0DA61A826ACD33C00E3EC38 /* StarButtonView.swift in Sources */ = {isa = PBXBuildFile; fileRef = C0DA61A726ACD33C00E3EC38 /* StarButtonView.swift */; };
		C0DA61AA26ACDA3E00E3EC38 /* OnboardingView.swift in Sources */ = {isa = PBXBuildFile; fileRef = C0DA61A926ACDA3E00E3EC38 /* OnboardingView.swift */; };
/* End PBXBuildFile section */

/* Begin PBXFileReference section */
		C0676FC026ACAD8F00C12649 /* Fruits.app */ = {isa = PBXFileReference; explicitFileType = wrapper.application; includeInIndex = 0; path = Fruits.app; sourceTree = BUILT_PRODUCTS_DIR; };
		C0676FC326ACAD8F00C12649 /* FruitsApp.swift */ = {isa = PBXFileReference; lastKnownFileType = sourcecode.swift; path = FruitsApp.swift; sourceTree = "<group>"; };
		C0676FC526ACAD8F00C12649 /* ContentView.swift */ = {isa = PBXFileReference; lastKnownFileType = sourcecode.swift; path = ContentView.swift; sourceTree = "<group>"; };
		C0676FC726ACAD8F00C12649 /* Assets.xcassets */ = {isa = PBXFileReference; lastKnownFileType = folder.assetcatalog; path = Assets.xcassets; sourceTree = "<group>"; };
		C0676FCA26ACAD8F00C12649 /* Preview Assets.xcassets */ = {isa = PBXFileReference; lastKnownFileType = folder.assetcatalog; path = "Preview Assets.xcassets"; sourceTree = "<group>"; };
		C0676FCC26ACAD8F00C12649 /* Info.plist */ = {isa = PBXFileReference; lastKnownFileType = text.plist.xml; path = Info.plist; sourceTree = "<group>"; };
		C0676FD426ACB59900C12649 /* FruitCardView.swift */ = {isa = PBXFileReference; lastKnownFileType = sourcecode.swift; path = FruitCardView.swift; sourceTree = "<group>"; };
		C084D7F126AD2CCF0099809B /* FruitModel.swift */ = {isa = PBXFileReference; lastKnownFileType = sourcecode.swift; path = FruitModel.swift; sourceTree = "<group>"; };
		C084D7F426AD2E6E0099809B /* FruitData.swift */ = {isa = PBXFileReference; lastKnownFileType = sourcecode.swift; path = FruitData.swift; sourceTree = "<group>"; };
		C084D7F626AD44B20099809B /* FruitRowView.swift */ = {isa = PBXFileReference; lastKnownFileType = sourcecode.swift; path = FruitRowView.swift; sourceTree = "<group>"; };
		C0B3707726B13AA300E46477 /* FruitDetailView.swift */ = {isa = PBXFileReference; lastKnownFileType = sourcecode.swift; path = FruitDetailView.swift; sourceTree = "<group>"; };
		C0C5E25126C28D02007367F0 /* FruitHeaderView.swift */ = {isa = PBXFileReference; lastKnownFileType = sourcecode.swift; path = FruitHeaderView.swift; sourceTree = "<group>"; };
		C0DA61A726ACD33C00E3EC38 /* StarButtonView.swift */ = {isa = PBXFileReference; lastKnownFileType = sourcecode.swift; path = StarButtonView.swift; sourceTree = "<group>"; };
		C0DA61A926ACDA3E00E3EC38 /* OnboardingView.swift */ = {isa = PBXFileReference; lastKnownFileType = sourcecode.swift; path = OnboardingView.swift; sourceTree = "<group>"; };
/* End PBXFileReference section */

/* Begin PBXFrameworksBuildPhase section */
		C0676FBD26ACAD8F00C12649 /* Frameworks */ = {
			isa = PBXFrameworksBuildPhase;
			buildActionMask = 2147483647;
			files = (
			);
			runOnlyForDeploymentPostprocessing = 0;
		};
/* End PBXFrameworksBuildPhase section */

/* Begin PBXGroup section */
		C0676FB726ACAD8F00C12649 = {
			isa = PBXGroup;
			children = (
				C0676FC226ACAD8F00C12649 /* Fruits */,
				C0676FC126ACAD8F00C12649 /* Products */,
			);
			sourceTree = "<group>";
		};
		C0676FC126ACAD8F00C12649 /* Products */ = {
			isa = PBXGroup;
			children = (
				C0676FC026ACAD8F00C12649 /* Fruits.app */,
			);
			name = Products;
			sourceTree = "<group>";
		};
		C0676FC226ACAD8F00C12649 /* Fruits */ = {
			isa = PBXGroup;
			children = (
				C084D7F326AD2E5A0099809B /* Data */,
				C084D7F026AD2C9C0099809B /* Model */,
				C0676FD326ACB54900C12649 /* View */,
				C0676FD226ACB4B800C12649 /* App */,
				C0676FC726ACAD8F00C12649 /* Assets.xcassets */,
				C0676FCC26ACAD8F00C12649 /* Info.plist */,
				C0676FC926ACAD8F00C12649 /* Preview Content */,
			);
			path = Fruits;
			sourceTree = "<group>";
		};
		C0676FC926ACAD8F00C12649 /* Preview Content */ = {
			isa = PBXGroup;
			children = (
				C0676FCA26ACAD8F00C12649 /* Preview Assets.xcassets */,
			);
			path = "Preview Content";
			sourceTree = "<group>";
		};
		C0676FD226ACB4B800C12649 /* App */ = {
			isa = PBXGroup;
			children = (
				C0676FC326ACAD8F00C12649 /* FruitsApp.swift */,
				C0676FC526ACAD8F00C12649 /* ContentView.swift */,
				C0DA61A926ACDA3E00E3EC38 /* OnboardingView.swift */,
				C0B3707726B13AA300E46477 /* FruitDetailView.swift */,
			);
			path = App;
			sourceTree = "<group>";
		};
		C0676FD326ACB54900C12649 /* View */ = {
			isa = PBXGroup;
			children = (
				C0676FD426ACB59900C12649 /* FruitCardView.swift */,
				C0DA61A726ACD33C00E3EC38 /* StarButtonView.swift */,
				C084D7F626AD44B20099809B /* FruitRowView.swift */,
				C0C5E25126C28D02007367F0 /* FruitHeaderView.swift */,
			);
			path = View;
			sourceTree = "<group>";
		};
		C084D7F026AD2C9C0099809B /* Model */ = {
			isa = PBXGroup;
			children = (
				C084D7F126AD2CCF0099809B /* FruitModel.swift */,
			);
			path = Model;
			sourceTree = "<group>";
		};
		C084D7F326AD2E5A0099809B /* Data */ = {
			isa = PBXGroup;
			children = (
				C084D7F426AD2E6E0099809B /* FruitData.swift */,
			);
			path = Data;
			sourceTree = "<group>";
		};
/* End PBXGroup section */

/* Begin PBXNativeTarget section */
		C0676FBF26ACAD8F00C12649 /* Fruits */ = {
			isa = PBXNativeTarget;
			buildConfigurationList = C0676FCF26ACAD8F00C12649 /* Build configuration list for PBXNativeTarget "Fruits" */;
			buildPhases = (
				C0676FBC26ACAD8F00C12649 /* Sources */,
				C0676FBD26ACAD8F00C12649 /* Frameworks */,
				C0676FBE26ACAD8F00C12649 /* Resources */,
			);
			buildRules = (
			);
			dependencies = (
			);
			name = Fruits;
			productName = Fruits;
			productReference = C0676FC026ACAD8F00C12649 /* Fruits.app */;
			productType = "com.apple.product-type.application";
		};
/* End PBXNativeTarget section */

/* Begin PBXProject section */
		C0676FB826ACAD8F00C12649 /* Project object */ = {
			isa = PBXProject;
			attributes = {
				LastSwiftUpdateCheck = 1250;
				LastUpgradeCheck = 1250;
				TargetAttributes = {
					C0676FBF26ACAD8F00C12649 = {
						CreatedOnToolsVersion = 12.5.1;
					};
				};
			};
			buildConfigurationList = C0676FBB26ACAD8F00C12649 /* Build configuration list for PBXProject "Fruits" */;
			compatibilityVersion = "Xcode 9.3";
			developmentRegion = en;
			hasScannedForEncodings = 0;
			knownRegions = (
				en,
				Base,
			);
			mainGroup = C0676FB726ACAD8F00C12649;
			productRefGroup = C0676FC126ACAD8F00C12649 /* Products */;
			projectDirPath = "";
			projectRoot = "";
			targets = (
				C0676FBF26ACAD8F00C12649 /* Fruits */,
			);
		};
/* End PBXProject section */

/* Begin PBXResourcesBuildPhase section */
		C0676FBE26ACAD8F00C12649 /* Resources */ = {
			isa = PBXResourcesBuildPhase;
			buildActionMask = 2147483647;
			files = (
				C0676FCB26ACAD8F00C12649 /* Preview Assets.xcassets in Resources */,
				C0676FC826ACAD8F00C12649 /* Assets.xcassets in Resources */,
			);
			runOnlyForDeploymentPostprocessing = 0;
		};
/* End PBXResourcesBuildPhase section */

/* Begin PBXSourcesBuildPhase section */
		C0676FBC26ACAD8F00C12649 /* Sources */ = {
			isa = PBXSourcesBuildPhase;
			buildActionMask = 2147483647;
			files = (
				C084D7F526AD2E6E0099809B /* FruitData.swift in Sources */,
				C0DA61A826ACD33C00E3EC38 /* StarButtonView.swift in Sources */,
				C084D7F726AD44B20099809B /* FruitRowView.swift in Sources */,
				C0676FD526ACB59900C12649 /* FruitCardView.swift in Sources */,
				C0B3707826B13AA300E46477 /* FruitDetailView.swift in Sources */,
				C0676FC626ACAD8F00C12649 /* ContentView.swift in Sources */,
				C0C5E25226C28D02007367F0 /* FruitHeaderView.swift in Sources */,
				C0DA61AA26ACDA3E00E3EC38 /* OnboardingView.swift in Sources */,
				C084D7F226AD2CCF0099809B /* FruitModel.swift in Sources */,
				C0676FC426ACAD8F00C12649 /* FruitsApp.swift in Sources */,
			);
			runOnlyForDeploymentPostprocessing = 0;
		};
/* End PBXSourcesBuildPhase section */

/* Begin XCBuildConfiguration section */
		C0676FCD26ACAD8F00C12649 /* Debug */ = {
			isa = XCBuildConfiguration;
			buildSettings = {
				ALWAYS_SEARCH_USER_PATHS = NO;
				CLANG_ANALYZER_NONNULL = YES;
				CLANG_ANALYZER_NUMBER_OBJECT_CONVERSION = YES_AGGRESSIVE;
				CLANG_CXX_LANGUAGE_STANDARD = "gnu++14";
				CLANG_CXX_LIBRARY = "libc++";
				CLANG_ENABLE_MODULES = YES;
				CLANG_ENABLE_OBJC_ARC = YES;
				CLANG_ENABLE_OBJC_WEAK = YES;
				CLANG_WARN_BLOCK_CAPTURE_AUTORELEASING = YES;
				CLANG_WARN_BOOL_CONVERSION = YES;
				CLANG_WARN_COMMA = YES;
				CLANG_WARN_CONSTANT_CONVERSION = YES;
				CLANG_WARN_DEPRECATED_OBJC_IMPLEMENTATIONS = YES;
				CLANG_WARN_DIRECT_OBJC_ISA_USAGE = YES_ERROR;
				CLANG_WARN_DOCUMENTATION_COMMENTS = YES;
				CLANG_WARN_EMPTY_BODY = YES;
				CLANG_WARN_ENUM_CONVERSION = YES;
				CLANG_WARN_INFINITE_RECURSION = YES;
				CLANG_WARN_INT_CONVERSION = YES;
				CLANG_WARN_NON_LITERAL_NULL_CONVERSION = YES;
				CLANG_WARN_OBJC_IMPLICIT_RETAIN_SELF = YES;
				CLANG_WARN_OBJC_LITERAL_CONVERSION = YES;
				CLANG_WARN_OBJC_ROOT_CLASS = YES_ERROR;
				CLANG_WARN_QUOTED_INCLUDE_IN_FRAMEWORK_HEADER = YES;
				CLANG_WARN_RANGE_LOOP_ANALYSIS = YES;
				CLANG_WARN_STRICT_PROTOTYPES = YES;
				CLANG_WARN_SUSPICIOUS_MOVE = YES;
				CLANG_WARN_UNGUARDED_AVAILABILITY = YES_AGGRESSIVE;
				CLANG_WARN_UNREACHABLE_CODE = YES;
				CLANG_WARN__DUPLICATE_METHOD_MATCH = YES;
				COPY_PHASE_STRIP = NO;
				DEBUG_INFORMATION_FORMAT = dwarf;
				ENABLE_STRICT_OBJC_MSGSEND = YES;
				ENABLE_TESTABILITY = YES;
				GCC_C_LANGUAGE_STANDARD = gnu11;
				GCC_DYNAMIC_NO_PIC = NO;
				GCC_NO_COMMON_BLOCKS = YES;
				GCC_OPTIMIZATION_LEVEL = 0;
				GCC_PREPROCESSOR_DEFINITIONS = (
					"DEBUG=1",
					"$(inherited)",
				);
				GCC_WARN_64_TO_32_BIT_CONVERSION = YES;
				GCC_WARN_ABOUT_RETURN_TYPE = YES_ERROR;
				GCC_WARN_UNDECLARED_SELECTOR = YES;
				GCC_WARN_UNINITIALIZED_AUTOS = YES_AGGRESSIVE;
				GCC_WARN_UNUSED_FUNCTION = YES;
				GCC_WARN_UNUSED_VARIABLE = YES;
				IPHONEOS_DEPLOYMENT_TARGET = 14.5;
				MTL_ENABLE_DEBUG_INFO = INCLUDE_SOURCE;
				MTL_FAST_MATH = YES;
				ONLY_ACTIVE_ARCH = YES;
				SDKROOT = iphoneos;
				SWIFT_ACTIVE_COMPILATION_CONDITIONS = DEBUG;
				SWIFT_OPTIMIZATION_LEVEL = "-Onone";
			};
			name = Debug;
		};
		C0676FCE26ACAD8F00C12649 /* Release */ = {
			isa = XCBuildConfiguration;
			buildSettings = {
				ALWAYS_SEARCH_USER_PATHS = NO;
				CLANG_ANALYZER_NONNULL = YES;
				CLANG_ANALYZER_NUMBER_OBJECT_CONVERSION = YES_AGGRESSIVE;
				CLANG_CXX_LANGUAGE_STANDARD = "gnu++14";
				CLANG_CXX_LIBRARY = "libc++";
				CLANG_ENABLE_MODULES = YES;
				CLANG_ENABLE_OBJC_ARC = YES;
				CLANG_ENABLE_OBJC_WEAK = YES;
				CLANG_WARN_BLOCK_CAPTURE_AUTORELEASING = YES;
				CLANG_WARN_BOOL_CONVERSION = YES;
				CLANG_WARN_COMMA = YES;
				CLANG_WARN_CONSTANT_CONVERSION = YES;
				CLANG_WARN_DEPRECATED_OBJC_IMPLEMENTATIONS = YES;
				CLANG_WARN_DIRECT_OBJC_ISA_USAGE = YES_ERROR;
				CLANG_WARN_DOCUMENTATION_COMMENTS = YES;
				CLANG_WARN_EMPTY_BODY = YES;
				CLANG_WARN_ENUM_CONVERSION = YES;
				CLANG_WARN_INFINITE_RECURSION = YES;
				CLANG_WARN_INT_CONVERSION = YES;
				CLANG_WARN_NON_LITERAL_NULL_CONVERSION = YES;
				CLANG_WARN_OBJC_IMPLICIT_RETAIN_SELF = YES;
				CLANG_WARN_OBJC_LITERAL_CONVERSION = YES;
				CLANG_WARN_OBJC_ROOT_CLASS = YES_ERROR;
				CLANG_WARN_QUOTED_INCLUDE_IN_FRAMEWORK_HEADER = YES;
				CLANG_WARN_RANGE_LOOP_ANALYSIS = YES;
				CLANG_WARN_STRICT_PROTOTYPES = YES;
				CLANG_WARN_SUSPICIOUS_MOVE = YES;
				CLANG_WARN_UNGUARDED_AVAILABILITY = YES_AGGRESSIVE;
				CLANG_WARN_UNREACHABLE_CODE = YES;
				CLANG_WARN__DUPLICATE_METHOD_MATCH = YES;
				COPY_PHASE_STRIP = NO;
				DEBUG_INFORMATION_FORMAT = "dwarf-with-dsym";
				ENABLE_NS_ASSERTIONS = NO;
				ENABLE_STRICT_OBJC_MSGSEND = YES;
				GCC_C_LANGUAGE_STANDARD = gnu11;
				GCC_NO_COMMON_BLOCKS = YES;
				GCC_WARN_64_TO_32_BIT_CONVERSION = YES;
				GCC_WARN_ABOUT_RETURN_TYPE = YES_ERROR;
				GCC_WARN_UNDECLARED_SELECTOR = YES;
				GCC_WARN_UNINITIALIZED_AUTOS = YES_AGGRESSIVE;
				GCC_WARN_UNUSED_FUNCTION = YES;
				GCC_WARN_UNUSED_VARIABLE = YES;
				IPHONEOS_DEPLOYMENT_TARGET = 14.5;
				MTL_ENABLE_DEBUG_INFO = NO;
				MTL_FAST_MATH = YES;
				SDKROOT = iphoneos;
				SWIFT_COMPILATION_MODE = wholemodule;
				SWIFT_OPTIMIZATION_LEVEL = "-O";
				VALIDATE_PRODUCT = YES;
			};
			name = Release;
		};
		C0676FD026ACAD8F00C12649 /* Debug */ = {
			isa = XCBuildConfiguration;
			buildSettings = {
				ASSETCATALOG_COMPILER_APPICON_NAME = AppIcon;
				ASSETCATALOG_COMPILER_GLOBAL_ACCENT_COLOR_NAME = AccentColor;
				CODE_SIGN_STYLE = Automatic;
				DEVELOPMENT_ASSET_PATHS = "\"Fruits/Preview Content\"";
				DEVELOPMENT_TEAM = ED272R9GZ8;
				ENABLE_PREVIEWS = YES;
				INFOPLIST_FILE = Fruits/Info.plist;
				IPHONEOS_DEPLOYMENT_TARGET = 14.0;
				LD_RUNPATH_SEARCH_PATHS = (
					"$(inherited)",
					"@executable_path/Frameworks",
				);
				PRODUCT_BUNDLE_IDENTIFIER = com.eksoft.fruits.Fruits;
				PRODUCT_NAME = "$(TARGET_NAME)";
				SWIFT_VERSION = 5.0;
				TARGETED_DEVICE_FAMILY = "1,2";
			};
			name = Debug;
		};
		C0676FD126ACAD8F00C12649 /* Release */ = {
			isa = XCBuildConfiguration;
			buildSettings = {
				ASSETCATALOG_COMPILER_APPICON_NAME = AppIcon;
				ASSETCATALOG_COMPILER_GLOBAL_ACCENT_COLOR_NAME = AccentColor;
				CODE_SIGN_STYLE = Automatic;
				DEVELOPMENT_ASSET_PATHS = "\"Fruits/Preview Content\"";
				DEVELOPMENT_TEAM = ED272R9GZ8;
				ENABLE_PREVIEWS = YES;
				INFOPLIST_FILE = Fruits/Info.plist;
				IPHONEOS_DEPLOYMENT_TARGET = 14.0;
				LD_RUNPATH_SEARCH_PATHS = (
					"$(inherited)",
					"@executable_path/Frameworks",
				);
				PRODUCT_BUNDLE_IDENTIFIER = com.eksoft.fruits.Fruits;
				PRODUCT_NAME = "$(TARGET_NAME)";
				SWIFT_VERSION = 5.0;
				TARGETED_DEVICE_FAMILY = "1,2";
			};
			name = Release;
		};
/* End XCBuildConfiguration section */

/* Begin XCConfigurationList section */
		C0676FBB26ACAD8F00C12649 /* Build configuration list for PBXProject "Fruits" */ = {
			isa = XCConfigurationList;
			buildConfigurations = (
				C0676FCD26ACAD8F00C12649 /* Debug */,
				C0676FCE26ACAD8F00C12649 /* Release */,
			);
			defaultConfigurationIsVisible = 0;
			defaultConfigurationName = Release;
		};
		C0676FCF26ACAD8F00C12649 /* Build configuration list for PBXNativeTarget "Fruits" */ = {
			isa = XCConfigurationList;
			buildConfigurations = (
				C0676FD026ACAD8F00C12649 /* Debug */,
				C0676FD126ACAD8F00C12649 /* Release */,
			);
			defaultConfigurationIsVisible = 0;
			defaultConfigurationName = Release;
		};
/* End XCConfigurationList section */
	};
	rootObject = C0676FB826ACAD8F00C12649 /* Project object */;
}
